
Microsoft Visual Studio Solution File, Format Version 12.00
# Visual Studio Version 17
VisualStudioVersion = 17.7.34024.191
MinimumVisualStudioVersion = 10.0.40219.1
Project("{FAE04EC0-301F-11D3-BF4B-00C04F79EFBC}") = "Demonstration_lab11", "Demonstration_lab11\Demonstration_lab11.csproj", "{7FC1C01D-4A91-4FD7-B78C-9905B505837B}"
EndProject
Global
	GlobalSection(SolutionConfigurationPlatforms) = preSolution
		Debug|Any CPU = Debug|Any CPU
		Release|Any CPU = Release|Any CPU
	EndGlobalSection
	GlobalSection(ProjectConfigurationPlatforms) = postSolution
		{7FC1C01D-4A91-4FD7-B78C-9905B505837B}.Debug|Any CPU.ActiveCfg = Debug|Any CPU
		{7FC1C01D-4A91-4FD7-B78C-9905B505837B}.Debug|Any CPU.Build.0 = Debug|Any CPU
		{7FC1C01D-4A91-4FD7-B78C-9905B505837B}.Release|Any CPU.ActiveCfg = Release|Any CPU
		{7FC1C01D-4A91-4FD7-B78C-9905B505837B}.Release|Any CPU.Build.0 = Release|Any CPU
	EndGlobalSection
	GlobalSection(SolutionProperties) = preSolution
		HideSolutionNode = FALSE
	EndGlobalSection
	GlobalSection(ExtensibilityGlobals) = postSolution
		SolutionGuid = {15435CB3-4157-4090-83E9-0F7797A529DC}
	EndGlobalSection
EndGlobal
