
Microsoft Visual Studio Solution File, Format Version 12.00
# Visual Studio Version 17
VisualStudioVersion = 17.7.34024.191
MinimumVisualStudioVersion = 10.0.40219.1
Project("{FAE04EC0-301F-11D3-BF4B-00C04F79EFBC}") = "Лаб №9 класс Car", "Лаб №9 класс Car\Лаб №9 класс Car.csproj", "{B91EB279-4AC7-4484-BD46-B2988F3D2263}"
EndProject
Project("{FAE04EC0-301F-11D3-BF4B-00C04F79EFBC}") = "TestCar", "TestCar\TestCar.csproj", "{6D03CCBA-4DF9-4309-A5C5-6587B26ADE0E}"
EndProject
Global
	GlobalSection(SolutionConfigurationPlatforms) = preSolution
		Debug|Any CPU = Debug|Any CPU
		Release|Any CPU = Release|Any CPU
	EndGlobalSection
	GlobalSection(ProjectConfigurationPlatforms) = postSolution
		{B91EB279-4AC7-4484-BD46-B2988F3D2263}.Debug|Any CPU.ActiveCfg = Debug|Any CPU
		{B91EB279-4AC7-4484-BD46-B2988F3D2263}.Debug|Any CPU.Build.0 = Debug|Any CPU
		{B91EB279-4AC7-4484-BD46-B2988F3D2263}.Release|Any CPU.ActiveCfg = Release|Any CPU
		{B91EB279-4AC7-4484-BD46-B2988F3D2263}.Release|Any CPU.Build.0 = Release|Any CPU
		{6D03CCBA-4DF9-4309-A5C5-6587B26ADE0E}.Debug|Any CPU.ActiveCfg = Debug|Any CPU
		{6D03CCBA-4DF9-4309-A5C5-6587B26ADE0E}.Debug|Any CPU.Build.0 = Debug|Any CPU
		{6D03CCBA-4DF9-4309-A5C5-6587B26ADE0E}.Release|Any CPU.ActiveCfg = Release|Any CPU
		{6D03CCBA-4DF9-4309-A5C5-6587B26ADE0E}.Release|Any CPU.Build.0 = Release|Any CPU
	EndGlobalSection
	GlobalSection(SolutionProperties) = preSolution
		HideSolutionNode = FALSE
	EndGlobalSection
	GlobalSection(ExtensibilityGlobals) = postSolution
		SolutionGuid = {B2261BA5-D9ED-46A3-AFA0-FAE435E52864}
	EndGlobalSection
EndGlobal
