
Microsoft Visual Studio Solution File, Format Version 12.00
# Visual Studio Version 17
VisualStudioVersion = 17.7.34024.191
MinimumVisualStudioVersion = 10.0.40219.1
Project("{FAE04EC0-301F-11D3-BF4B-00C04F79EFBC}") = "лаб №2.37", "лаб №2.37\лаб №2.37.csproj", "{6BE32571-EA4B-4843-8BE2-14686D9ECAB7}"
EndProject
Global
	GlobalSection(SolutionConfigurationPlatforms) = preSolution
		Debug|Any CPU = Debug|Any CPU
		Release|Any CPU = Release|Any CPU
	EndGlobalSection
	GlobalSection(ProjectConfigurationPlatforms) = postSolution
		{6BE32571-EA4B-4843-8BE2-14686D9ECAB7}.Debug|Any CPU.ActiveCfg = Debug|Any CPU
		{6BE32571-EA4B-4843-8BE2-14686D9ECAB7}.Debug|Any CPU.Build.0 = Debug|Any CPU
		{6BE32571-EA4B-4843-8BE2-14686D9ECAB7}.Release|Any CPU.ActiveCfg = Release|Any CPU
		{6BE32571-EA4B-4843-8BE2-14686D9ECAB7}.Release|Any CPU.Build.0 = Release|Any CPU
	EndGlobalSection
	GlobalSection(SolutionProperties) = preSolution
		HideSolutionNode = FALSE
	EndGlobalSection
	GlobalSection(ExtensibilityGlobals) = postSolution
		SolutionGuid = {F7C5D557-5C0C-4B8F-A99C-74B1F944462C}
	EndGlobalSection
EndGlobal
