
Microsoft Visual Studio Solution File, Format Version 12.00
# Visual Studio Version 17
VisualStudioVersion = 17.7.34024.191
MinimumVisualStudioVersion = 10.0.40219.1
Project("{FAE04EC0-301F-11D3-BF4B-00C04F79EFBC}") = "лаб №2.3", "лаб №2.3\лаб №2.3.csproj", "{A5D6060A-0D1C-4D2B-ACE3-9CD7F28C1251}"
EndProject
Global
	GlobalSection(SolutionConfigurationPlatforms) = preSolution
		Debug|Any CPU = Debug|Any CPU
		Release|Any CPU = Release|Any CPU
	EndGlobalSection
	GlobalSection(ProjectConfigurationPlatforms) = postSolution
		{A5D6060A-0D1C-4D2B-ACE3-9CD7F28C1251}.Debug|Any CPU.ActiveCfg = Debug|Any CPU
		{A5D6060A-0D1C-4D2B-ACE3-9CD7F28C1251}.Debug|Any CPU.Build.0 = Debug|Any CPU
		{A5D6060A-0D1C-4D2B-ACE3-9CD7F28C1251}.Release|Any CPU.ActiveCfg = Release|Any CPU
		{A5D6060A-0D1C-4D2B-ACE3-9CD7F28C1251}.Release|Any CPU.Build.0 = Release|Any CPU
	EndGlobalSection
	GlobalSection(SolutionProperties) = preSolution
		HideSolutionNode = FALSE
	EndGlobalSection
	GlobalSection(ExtensibilityGlobals) = postSolution
		SolutionGuid = {A4168B59-2FA0-42B6-9AC9-78C7CEEFF715}
	EndGlobalSection
EndGlobal
