
Microsoft Visual Studio Solution File, Format Version 12.00
# Visual Studio Version 17
VisualStudioVersion = 17.7.34024.191
MinimumVisualStudioVersion = 10.0.40219.1
Project("{FAE04EC0-301F-11D3-BF4B-00C04F79EFBC}") = "лаб 4", "лаб 4\лаб 4.csproj", "{76BFADAE-E3FA-4B2D-8574-32EA0B569733}"
EndProject
Global
	GlobalSection(SolutionConfigurationPlatforms) = preSolution
		Debug|Any CPU = Debug|Any CPU
		Release|Any CPU = Release|Any CPU
	EndGlobalSection
	GlobalSection(ProjectConfigurationPlatforms) = postSolution
		{76BFADAE-E3FA-4B2D-8574-32EA0B569733}.Debug|Any CPU.ActiveCfg = Debug|Any CPU
		{76BFADAE-E3FA-4B2D-8574-32EA0B569733}.Debug|Any CPU.Build.0 = Debug|Any CPU
		{76BFADAE-E3FA-4B2D-8574-32EA0B569733}.Release|Any CPU.ActiveCfg = Release|Any CPU
		{76BFADAE-E3FA-4B2D-8574-32EA0B569733}.Release|Any CPU.Build.0 = Release|Any CPU
	EndGlobalSection
	GlobalSection(SolutionProperties) = preSolution
		HideSolutionNode = FALSE
	EndGlobalSection
	GlobalSection(ExtensibilityGlobals) = postSolution
		SolutionGuid = {FD4A7AB7-5A74-4294-BBAA-0242AB40A22F}
	EndGlobalSection
EndGlobal
